
Microsoft Visual Studio Solution File, Format Version 12.00
# Visual Studio Version 17
VisualStudioVersion = 17.4.33213.308
MinimumVisualStudioVersion = 10.0.40219.1
Project("{FAE04EC0-301F-11D3-BF4B-00C04F79EFBC}") = "ExempleSupportPortail.Server", "ExempleSupportPortail\Server\ExempleSupportPortail.Server.csproj", "{0400565D-4CDD-42AF-8F67-EED490FB6B23}"
EndProject
Project("{FAE04EC0-301F-11D3-BF4B-00C04F79EFBC}") = "ExempleSupportPortail.Client", "ExempleSupportPortail\Client\ExempleSupportPortail.Client.csproj", "{B570985F-98C1-44A5-AAD4-C1B3427B4B10}"
EndProject
Project("{FAE04EC0-301F-11D3-BF4B-00C04F79EFBC}") = "ExempleSupportPortail.Shared", "ExempleSupportPortail\Shared\ExempleSupportPortail.Shared.csproj", "{829FFC02-9B11-4B12-80DE-96FCDCD45131}"
EndProject
Global
	GlobalSection(SolutionConfigurationPlatforms) = preSolution
		Debug|Any CPU = Debug|Any CPU
		Release|Any CPU = Release|Any CPU
	EndGlobalSection
	GlobalSection(ProjectConfigurationPlatforms) = postSolution
		{0400565D-4CDD-42AF-8F67-EED490FB6B23}.Debug|Any CPU.ActiveCfg = Debug|Any CPU
		{0400565D-4CDD-42AF-8F67-EED490FB6B23}.Debug|Any CPU.Build.0 = Debug|Any CPU
		{0400565D-4CDD-42AF-8F67-EED490FB6B23}.Release|Any CPU.ActiveCfg = Release|Any CPU
		{0400565D-4CDD-42AF-8F67-EED490FB6B23}.Release|Any CPU.Build.0 = Release|Any CPU
		{B570985F-98C1-44A5-AAD4-C1B3427B4B10}.Debug|Any CPU.ActiveCfg = Debug|Any CPU
		{B570985F-98C1-44A5-AAD4-C1B3427B4B10}.Debug|Any CPU.Build.0 = Debug|Any CPU
		{B570985F-98C1-44A5-AAD4-C1B3427B4B10}.Release|Any CPU.ActiveCfg = Release|Any CPU
		{B570985F-98C1-44A5-AAD4-C1B3427B4B10}.Release|Any CPU.Build.0 = Release|Any CPU
		{829FFC02-9B11-4B12-80DE-96FCDCD45131}.Debug|Any CPU.ActiveCfg = Debug|Any CPU
		{829FFC02-9B11-4B12-80DE-96FCDCD45131}.Debug|Any CPU.Build.0 = Debug|Any CPU
		{829FFC02-9B11-4B12-80DE-96FCDCD45131}.Release|Any CPU.ActiveCfg = Release|Any CPU
		{829FFC02-9B11-4B12-80DE-96FCDCD45131}.Release|Any CPU.Build.0 = Release|Any CPU
	EndGlobalSection
	GlobalSection(SolutionProperties) = preSolution
		HideSolutionNode = FALSE
	EndGlobalSection
	GlobalSection(ExtensibilityGlobals) = postSolution
		SolutionGuid = {D9DC9B08-409B-44DB-A6E4-AC69906A8854}
	EndGlobalSection
EndGlobal
